
Microsoft Visual Studio Solution File, Format Version 12.00
# Visual Studio Version 17
VisualStudioVersion = 17.12.35527.113 d17.12
MinimumVisualStudioVersion = 10.0.40219.1
Project("{FAE04EC0-301F-11D3-BF4B-00C04F79EFBC}") = "GerenciadorDeMemoria", "GerenciadorDeMemoria\GerenciadorDeMemoria.csproj", "{22056EC4-C191-47BB-8A9B-64D440100440}"
EndProject
Global
	GlobalSection(SolutionConfigurationPlatforms) = preSolution
		Debug|Any CPU = Debug|Any CPU
		Release|Any CPU = Release|Any CPU
	EndGlobalSection
	GlobalSection(ProjectConfigurationPlatforms) = postSolution
		{22056EC4-C191-47BB-8A9B-64D440100440}.Debug|Any CPU.ActiveCfg = Debug|Any CPU
		{22056EC4-C191-47BB-8A9B-64D440100440}.Debug|Any CPU.Build.0 = Debug|Any CPU
		{22056EC4-C191-47BB-8A9B-64D440100440}.Release|Any CPU.ActiveCfg = Release|Any CPU
		{22056EC4-C191-47BB-8A9B-64D440100440}.Release|Any CPU.Build.0 = Release|Any CPU
	EndGlobalSection
	GlobalSection(SolutionProperties) = preSolution
		HideSolutionNode = FALSE
	EndGlobalSection
EndGlobal
